
Microsoft Visual Studio Solution File, Format Version 12.00
# Visual Studio Version 17
VisualStudioVersion = 17.4.33213.308
MinimumVisualStudioVersion = 10.0.40219.1
Project("{FAE04EC0-301F-11D3-BF4B-00C04F79EFBC}") = "Ready or not", "Ready or not\Ready or not.csproj", "{A23265F5-9675-4F4E-B6B8-4EAEE487C2E9}"
EndProject
Global
	GlobalSection(SolutionConfigurationPlatforms) = preSolution
		Debug|Any CPU = Debug|Any CPU
		Release|Any CPU = Release|Any CPU
	EndGlobalSection
	GlobalSection(ProjectConfigurationPlatforms) = postSolution
		{A23265F5-9675-4F4E-B6B8-4EAEE487C2E9}.Debug|Any CPU.ActiveCfg = Debug|Any CPU
		{A23265F5-9675-4F4E-B6B8-4EAEE487C2E9}.Debug|Any CPU.Build.0 = Debug|Any CPU
		{A23265F5-9675-4F4E-B6B8-4EAEE487C2E9}.Release|Any CPU.ActiveCfg = Release|Any CPU
		{A23265F5-9675-4F4E-B6B8-4EAEE487C2E9}.Release|Any CPU.Build.0 = Release|Any CPU
	EndGlobalSection
	GlobalSection(SolutionProperties) = preSolution
		HideSolutionNode = FALSE
	EndGlobalSection
	GlobalSection(ExtensibilityGlobals) = postSolution
		SolutionGuid = {AAC93F35-C3F4-4194-9636-85D9ECC12384}
	EndGlobalSection
EndGlobal
